
Microsoft Visual Studio Solution File, Format Version 12.00
# Visual Studio Version 16
VisualStudioVersion = 16.0.30907.101
MinimumVisualStudioVersion = 10.0.40219.1
Project("{9A19103F-16F7-4668-BE54-9A1E7A4F7556}") = "Shapes", "InterfacesAndAbstraction\Shapes.csproj", "{120157D3-8C1C-4CAC-AAC4-1C3F504D0857}"
EndProject
Project("{9A19103F-16F7-4668-BE54-9A1E7A4F7556}") = "Cars", "Cars\Cars.csproj", "{8E3D510F-6C9A-436D-BEC4-5C5BF7FB7EC6}"
EndProject
Project("{9A19103F-16F7-4668-BE54-9A1E7A4F7556}") = "AbstractedRendering", "AbstractedRendering\AbstractedRendering.csproj", "{88CE0170-F85B-480B-BE4B-D1BA0E6331F2}"
EndProject
Project("{9A19103F-16F7-4668-BE54-9A1E7A4F7556}") = "PersonInfo", "PersonInfo\PersonInfo.csproj", "{E8AF6755-48B8-4571-8399-00A7F1E8202D}"
EndProject
Project("{9A19103F-16F7-4668-BE54-9A1E7A4F7556}") = "Ferrari", "Ferrari\Ferrari.csproj", "{65B8A083-2EF5-46CF-9F87-C523AA63177B}"
EndProject
Project("{9A19103F-16F7-4668-BE54-9A1E7A4F7556}") = "Telephony", "Telephony\Telephony.csproj", "{98D92DE5-5C9E-405D-9474-991AB69AD406}"
EndProject
Project("{FAE04EC0-301F-11D3-BF4B-00C04F79EFBC}") = "BorderControl", "BorderControl\BorderControl.csproj", "{2D3C349E-B32B-47B5-9FE4-18F369C1BB6F}"
EndProject
Global
	GlobalSection(SolutionConfigurationPlatforms) = preSolution
		Debug|Any CPU = Debug|Any CPU
		Release|Any CPU = Release|Any CPU
	EndGlobalSection
	GlobalSection(ProjectConfigurationPlatforms) = postSolution
		{120157D3-8C1C-4CAC-AAC4-1C3F504D0857}.Debug|Any CPU.ActiveCfg = Debug|Any CPU
		{120157D3-8C1C-4CAC-AAC4-1C3F504D0857}.Debug|Any CPU.Build.0 = Debug|Any CPU
		{120157D3-8C1C-4CAC-AAC4-1C3F504D0857}.Release|Any CPU.ActiveCfg = Release|Any CPU
		{120157D3-8C1C-4CAC-AAC4-1C3F504D0857}.Release|Any CPU.Build.0 = Release|Any CPU
		{8E3D510F-6C9A-436D-BEC4-5C5BF7FB7EC6}.Debug|Any CPU.ActiveCfg = Debug|Any CPU
		{8E3D510F-6C9A-436D-BEC4-5C5BF7FB7EC6}.Debug|Any CPU.Build.0 = Debug|Any CPU
		{8E3D510F-6C9A-436D-BEC4-5C5BF7FB7EC6}.Release|Any CPU.ActiveCfg = Release|Any CPU
		{8E3D510F-6C9A-436D-BEC4-5C5BF7FB7EC6}.Release|Any CPU.Build.0 = Release|Any CPU
		{88CE0170-F85B-480B-BE4B-D1BA0E6331F2}.Debug|Any CPU.ActiveCfg = Debug|Any CPU
		{88CE0170-F85B-480B-BE4B-D1BA0E6331F2}.Debug|Any CPU.Build.0 = Debug|Any CPU
		{88CE0170-F85B-480B-BE4B-D1BA0E6331F2}.Release|Any CPU.ActiveCfg = Release|Any CPU
		{88CE0170-F85B-480B-BE4B-D1BA0E6331F2}.Release|Any CPU.Build.0 = Release|Any CPU
		{E8AF6755-48B8-4571-8399-00A7F1E8202D}.Debug|Any CPU.ActiveCfg = Debug|Any CPU
		{E8AF6755-48B8-4571-8399-00A7F1E8202D}.Debug|Any CPU.Build.0 = Debug|Any CPU
		{E8AF6755-48B8-4571-8399-00A7F1E8202D}.Release|Any CPU.ActiveCfg = Release|Any CPU
		{E8AF6755-48B8-4571-8399-00A7F1E8202D}.Release|Any CPU.Build.0 = Release|Any CPU
		{65B8A083-2EF5-46CF-9F87-C523AA63177B}.Debug|Any CPU.ActiveCfg = Debug|Any CPU
		{65B8A083-2EF5-46CF-9F87-C523AA63177B}.Debug|Any CPU.Build.0 = Debug|Any CPU
		{65B8A083-2EF5-46CF-9F87-C523AA63177B}.Release|Any CPU.ActiveCfg = Release|Any CPU
		{65B8A083-2EF5-46CF-9F87-C523AA63177B}.Release|Any CPU.Build.0 = Release|Any CPU
		{98D92DE5-5C9E-405D-9474-991AB69AD406}.Debug|Any CPU.ActiveCfg = Debug|Any CPU
		{98D92DE5-5C9E-405D-9474-991AB69AD406}.Debug|Any CPU.Build.0 = Debug|Any CPU
		{98D92DE5-5C9E-405D-9474-991AB69AD406}.Release|Any CPU.ActiveCfg = Release|Any CPU
		{98D92DE5-5C9E-405D-9474-991AB69AD406}.Release|Any CPU.Build.0 = Release|Any CPU
		{2D3C349E-B32B-47B5-9FE4-18F369C1BB6F}.Debug|Any CPU.ActiveCfg = Debug|Any CPU
		{2D3C349E-B32B-47B5-9FE4-18F369C1BB6F}.Debug|Any CPU.Build.0 = Debug|Any CPU
		{2D3C349E-B32B-47B5-9FE4-18F369C1BB6F}.Release|Any CPU.ActiveCfg = Release|Any CPU
		{2D3C349E-B32B-47B5-9FE4-18F369C1BB6F}.Release|Any CPU.Build.0 = Release|Any CPU
	EndGlobalSection
	GlobalSection(SolutionProperties) = preSolution
		HideSolutionNode = FALSE
	EndGlobalSection
	GlobalSection(ExtensibilityGlobals) = postSolution
		SolutionGuid = {CF043690-759C-40BD-BC8F-0E2EDE5CF048}
	EndGlobalSection
EndGlobal
