
Microsoft Visual Studio Solution File, Format Version 12.00
# Visual Studio Version 16
VisualStudioVersion = 16.0.31424.327
MinimumVisualStudioVersion = 10.0.40219.1
Project("{FAE04EC0-301F-11D3-BF4B-00C04F79EFBC}") = "DependencyInjectionWorkshopOOP", "DependencyInjectionWorkshopOOP\DependencyInjectionWorkshopOOP.csproj", "{9E12D2DB-7E84-4D92-8809-28560E0233CA}"
EndProject
Global
	GlobalSection(SolutionConfigurationPlatforms) = preSolution
		Debug|Any CPU = Debug|Any CPU
		Release|Any CPU = Release|Any CPU
	EndGlobalSection
	GlobalSection(ProjectConfigurationPlatforms) = postSolution
		{9E12D2DB-7E84-4D92-8809-28560E0233CA}.Debug|Any CPU.ActiveCfg = Debug|Any CPU
		{9E12D2DB-7E84-4D92-8809-28560E0233CA}.Debug|Any CPU.Build.0 = Debug|Any CPU
		{9E12D2DB-7E84-4D92-8809-28560E0233CA}.Release|Any CPU.ActiveCfg = Release|Any CPU
		{9E12D2DB-7E84-4D92-8809-28560E0233CA}.Release|Any CPU.Build.0 = Release|Any CPU
	EndGlobalSection
	GlobalSection(SolutionProperties) = preSolution
		HideSolutionNode = FALSE
	EndGlobalSection
	GlobalSection(ExtensibilityGlobals) = postSolution
		SolutionGuid = {9DF4AF22-2BFA-4D0A-8E4F-CAAD5D62270F}
	EndGlobalSection
EndGlobal
