
Microsoft Visual Studio Solution File, Format Version 12.00
# Visual Studio Version 16
VisualStudioVersion = 16.0.30907.101
MinimumVisualStudioVersion = 10.0.40219.1
Project("{9A19103F-16F7-4668-BE54-9A1E7A4F7556}") = "UnitTesting", "UnitTesting\UnitTesting.csproj", "{9AF78070-8F00-4239-8E24-1A045628633F}"
EndProject
Project("{9A19103F-16F7-4668-BE54-9A1E7A4F7556}") = "UnitTesting Tests", "UnitTesting Tests\UnitTesting Tests.csproj", "{D8EA2DC5-C95E-467B-B0B7-1F9447644946}"
EndProject
Project("{9A19103F-16F7-4668-BE54-9A1E7A4F7556}") = "Demo", "Demo\Demo.csproj", "{B4EE80DC-A780-45A7-9702-5DD344443C65}"
EndProject
Project("{9A19103F-16F7-4668-BE54-9A1E7A4F7556}") = "DemoTests", "DemoTests\DemoTests.csproj", "{7FFA7E1B-2B04-4DE9-8A58-E968944B85B5}"
EndProject
Project("{9A19103F-16F7-4668-BE54-9A1E7A4F7556}") = "Skeleton.Tests", "Skeleton.Tests\Skeleton.Tests.csproj", "{26C21C35-358D-4996-A173-62348F5718F9}"
EndProject
Project("{9A19103F-16F7-4668-BE54-9A1E7A4F7556}") = "Skeleton", "Skeleton\Skeleton.csproj", "{F1C1AC2A-91FD-439D-9875-405418EE8149}"
EndProject
Project("{9A19103F-16F7-4668-BE54-9A1E7A4F7556}") = "Database", "Database\Database.csproj", "{F89B10BF-3CC2-4FED-AD02-CC5BEDAC2B22}"
EndProject
Project("{9A19103F-16F7-4668-BE54-9A1E7A4F7556}") = "Database.Tests", "DatabaseTests\Database.Tests.csproj", "{37D5EF5B-AB19-4B93-8DE2-DF68F0222120}"
EndProject
Project("{9A19103F-16F7-4668-BE54-9A1E7A4F7556}") = "ExtendedDatabase", "ExtendedDatabase\ExtendedDatabase.csproj", "{CA1B15DD-1ABE-44C8-9231-D1F79DE497E6}"
EndProject
Project("{9A19103F-16F7-4668-BE54-9A1E7A4F7556}") = "ExtendedDatabase.Tests", "ExtendedDatabase.Tests\ExtendedDatabase.Tests.csproj", "{3CF2443C-8D2D-4E7D-B7E1-45461ABFCDC0}"
EndProject
Project("{9A19103F-16F7-4668-BE54-9A1E7A4F7556}") = "CarManager", "CarManager\CarManager.csproj", "{EC4E1150-53CE-455E-83BA-1AC890F267E8}"
EndProject
Project("{9A19103F-16F7-4668-BE54-9A1E7A4F7556}") = "CarManager.Tests", "CarManager.Tests\CarManager.Tests.csproj", "{B21FE2AF-3195-4514-BAD5-ACC42753F067}"
EndProject
Project("{FAE04EC0-301F-11D3-BF4B-00C04F79EFBC}") = "FightingArena", "FightingArena\FightingArena.csproj", "{D0DACFAE-0E5D-4993-851E-1861D8E2B29C}"
EndProject
Project("{FAE04EC0-301F-11D3-BF4B-00C04F79EFBC}") = "FightingArena.Tests", "FightingArena.Tests\FightingArena.Tests.csproj", "{1CB53617-474D-4D02-8D2D-989ECA449389}"
EndProject
Global
	GlobalSection(SolutionConfigurationPlatforms) = preSolution
		Debug|Any CPU = Debug|Any CPU
		Release|Any CPU = Release|Any CPU
	EndGlobalSection
	GlobalSection(ProjectConfigurationPlatforms) = postSolution
		{9AF78070-8F00-4239-8E24-1A045628633F}.Debug|Any CPU.ActiveCfg = Debug|Any CPU
		{9AF78070-8F00-4239-8E24-1A045628633F}.Debug|Any CPU.Build.0 = Debug|Any CPU
		{9AF78070-8F00-4239-8E24-1A045628633F}.Release|Any CPU.ActiveCfg = Release|Any CPU
		{9AF78070-8F00-4239-8E24-1A045628633F}.Release|Any CPU.Build.0 = Release|Any CPU
		{D8EA2DC5-C95E-467B-B0B7-1F9447644946}.Debug|Any CPU.ActiveCfg = Debug|Any CPU
		{D8EA2DC5-C95E-467B-B0B7-1F9447644946}.Debug|Any CPU.Build.0 = Debug|Any CPU
		{D8EA2DC5-C95E-467B-B0B7-1F9447644946}.Release|Any CPU.ActiveCfg = Release|Any CPU
		{D8EA2DC5-C95E-467B-B0B7-1F9447644946}.Release|Any CPU.Build.0 = Release|Any CPU
		{B4EE80DC-A780-45A7-9702-5DD344443C65}.Debug|Any CPU.ActiveCfg = Debug|Any CPU
		{B4EE80DC-A780-45A7-9702-5DD344443C65}.Debug|Any CPU.Build.0 = Debug|Any CPU
		{B4EE80DC-A780-45A7-9702-5DD344443C65}.Release|Any CPU.ActiveCfg = Release|Any CPU
		{B4EE80DC-A780-45A7-9702-5DD344443C65}.Release|Any CPU.Build.0 = Release|Any CPU
		{7FFA7E1B-2B04-4DE9-8A58-E968944B85B5}.Debug|Any CPU.ActiveCfg = Debug|Any CPU
		{7FFA7E1B-2B04-4DE9-8A58-E968944B85B5}.Debug|Any CPU.Build.0 = Debug|Any CPU
		{7FFA7E1B-2B04-4DE9-8A58-E968944B85B5}.Release|Any CPU.ActiveCfg = Release|Any CPU
		{7FFA7E1B-2B04-4DE9-8A58-E968944B85B5}.Release|Any CPU.Build.0 = Release|Any CPU
		{26C21C35-358D-4996-A173-62348F5718F9}.Debug|Any CPU.ActiveCfg = Debug|Any CPU
		{26C21C35-358D-4996-A173-62348F5718F9}.Debug|Any CPU.Build.0 = Debug|Any CPU
		{26C21C35-358D-4996-A173-62348F5718F9}.Release|Any CPU.ActiveCfg = Release|Any CPU
		{26C21C35-358D-4996-A173-62348F5718F9}.Release|Any CPU.Build.0 = Release|Any CPU
		{F1C1AC2A-91FD-439D-9875-405418EE8149}.Debug|Any CPU.ActiveCfg = Debug|Any CPU
		{F1C1AC2A-91FD-439D-9875-405418EE8149}.Debug|Any CPU.Build.0 = Debug|Any CPU
		{F1C1AC2A-91FD-439D-9875-405418EE8149}.Release|Any CPU.ActiveCfg = Release|Any CPU
		{F1C1AC2A-91FD-439D-9875-405418EE8149}.Release|Any CPU.Build.0 = Release|Any CPU
		{F89B10BF-3CC2-4FED-AD02-CC5BEDAC2B22}.Debug|Any CPU.ActiveCfg = Debug|Any CPU
		{F89B10BF-3CC2-4FED-AD02-CC5BEDAC2B22}.Debug|Any CPU.Build.0 = Debug|Any CPU
		{F89B10BF-3CC2-4FED-AD02-CC5BEDAC2B22}.Release|Any CPU.ActiveCfg = Release|Any CPU
		{F89B10BF-3CC2-4FED-AD02-CC5BEDAC2B22}.Release|Any CPU.Build.0 = Release|Any CPU
		{37D5EF5B-AB19-4B93-8DE2-DF68F0222120}.Debug|Any CPU.ActiveCfg = Debug|Any CPU
		{37D5EF5B-AB19-4B93-8DE2-DF68F0222120}.Debug|Any CPU.Build.0 = Debug|Any CPU
		{37D5EF5B-AB19-4B93-8DE2-DF68F0222120}.Release|Any CPU.ActiveCfg = Release|Any CPU
		{37D5EF5B-AB19-4B93-8DE2-DF68F0222120}.Release|Any CPU.Build.0 = Release|Any CPU
		{CA1B15DD-1ABE-44C8-9231-D1F79DE497E6}.Debug|Any CPU.ActiveCfg = Debug|Any CPU
		{CA1B15DD-1ABE-44C8-9231-D1F79DE497E6}.Debug|Any CPU.Build.0 = Debug|Any CPU
		{CA1B15DD-1ABE-44C8-9231-D1F79DE497E6}.Release|Any CPU.ActiveCfg = Release|Any CPU
		{CA1B15DD-1ABE-44C8-9231-D1F79DE497E6}.Release|Any CPU.Build.0 = Release|Any CPU
		{3CF2443C-8D2D-4E7D-B7E1-45461ABFCDC0}.Debug|Any CPU.ActiveCfg = Debug|Any CPU
		{3CF2443C-8D2D-4E7D-B7E1-45461ABFCDC0}.Debug|Any CPU.Build.0 = Debug|Any CPU
		{3CF2443C-8D2D-4E7D-B7E1-45461ABFCDC0}.Release|Any CPU.ActiveCfg = Release|Any CPU
		{3CF2443C-8D2D-4E7D-B7E1-45461ABFCDC0}.Release|Any CPU.Build.0 = Release|Any CPU
		{EC4E1150-53CE-455E-83BA-1AC890F267E8}.Debug|Any CPU.ActiveCfg = Debug|Any CPU
		{EC4E1150-53CE-455E-83BA-1AC890F267E8}.Debug|Any CPU.Build.0 = Debug|Any CPU
		{EC4E1150-53CE-455E-83BA-1AC890F267E8}.Release|Any CPU.ActiveCfg = Release|Any CPU
		{EC4E1150-53CE-455E-83BA-1AC890F267E8}.Release|Any CPU.Build.0 = Release|Any CPU
		{B21FE2AF-3195-4514-BAD5-ACC42753F067}.Debug|Any CPU.ActiveCfg = Debug|Any CPU
		{B21FE2AF-3195-4514-BAD5-ACC42753F067}.Debug|Any CPU.Build.0 = Debug|Any CPU
		{B21FE2AF-3195-4514-BAD5-ACC42753F067}.Release|Any CPU.ActiveCfg = Release|Any CPU
		{B21FE2AF-3195-4514-BAD5-ACC42753F067}.Release|Any CPU.Build.0 = Release|Any CPU
		{D0DACFAE-0E5D-4993-851E-1861D8E2B29C}.Debug|Any CPU.ActiveCfg = Debug|Any CPU
		{D0DACFAE-0E5D-4993-851E-1861D8E2B29C}.Debug|Any CPU.Build.0 = Debug|Any CPU
		{D0DACFAE-0E5D-4993-851E-1861D8E2B29C}.Release|Any CPU.ActiveCfg = Release|Any CPU
		{D0DACFAE-0E5D-4993-851E-1861D8E2B29C}.Release|Any CPU.Build.0 = Release|Any CPU
		{1CB53617-474D-4D02-8D2D-989ECA449389}.Debug|Any CPU.ActiveCfg = Debug|Any CPU
		{1CB53617-474D-4D02-8D2D-989ECA449389}.Debug|Any CPU.Build.0 = Debug|Any CPU
		{1CB53617-474D-4D02-8D2D-989ECA449389}.Release|Any CPU.ActiveCfg = Release|Any CPU
		{1CB53617-474D-4D02-8D2D-989ECA449389}.Release|Any CPU.Build.0 = Release|Any CPU
	EndGlobalSection
	GlobalSection(SolutionProperties) = preSolution
		HideSolutionNode = FALSE
	EndGlobalSection
	GlobalSection(ExtensibilityGlobals) = postSolution
		SolutionGuid = {A0DFF7A8-34BB-4367-87B9-4D7CE6010F35}
	EndGlobalSection
EndGlobal
